PODS:
  - appstore-card-transition (1.0.4)
  - FuntastyKit (2.2.2):
    - FuntastyKit/Core (= 2.2.2)
  - FuntastyKit/Core (2.2.2)
  - Kingfisher (5.15.7):
    - Kingfisher/Core (= 5.15.7)
  - Kingfisher/Core (5.15.7)
  - ReachabilitySwift (5.0.0)
  - RxSwift (5.1.1)

DEPENDENCIES:
  - appstore-card-transition
  - FuntastyKit
  - Kingfisher
  - ReachabilitySwift
  - RxSwift

SPEC REPOS:
  trunk:
    - appstore-card-transition
    - FuntastyKit
    - Kingfisher
    - ReachabilitySwift
    - RxSwift

SPEC CHECKSUMS:
  appstore-card-transition: 660c136cb8a0f0004b2e99e99f1305bfa041f05c
  FuntastyKit: b39acdc476f66f5f6f71a1cfc37d8ab281bc2755
  Kingfisher: 6e1a13523fcb1c86924ce53affe4ac957e544d59
  ReachabilitySwift: 985039c6f7b23a1da463388634119492ff86c825
  RxSwift: 81470a2074fa8780320ea5fe4102807cb7118178

PODFILE CHECKSUM: 90a7275243fdc7e30aa3eda0b9aec4051def8323

COCOAPODS: 1.10.0
